
Microsoft Visual Studio Solution File, Format Version 12.00
# Visual Studio Version 16
VisualStudioVersion = 16.0.810.23
MinimumVisualStudioVersion = 10.0.40219.1
Project("{FAE04EC0-301F-11D3-BF4B-00C04F79EFBC}") = "mvc-angela-trifunoska", "mvc-angela-trifunoska\mvc-angela-trifunoska.csproj", "{36A61678-7D5B-4E1D-9D49-F6006F10AA5A}"
EndProject
Global
	GlobalSection(SolutionConfigurationPlatforms) = preSolution
		Debug|Any CPU = Debug|Any CPU
		Release|Any CPU = Release|Any CPU
	EndGlobalSection
	GlobalSection(ProjectConfigurationPlatforms) = postSolution
		{36A61678-7D5B-4E1D-9D49-F6006F10AA5A}.Debug|Any CPU.ActiveCfg = Debug|Any CPU
		{36A61678-7D5B-4E1D-9D49-F6006F10AA5A}.Debug|Any CPU.Build.0 = Debug|Any CPU
		{36A61678-7D5B-4E1D-9D49-F6006F10AA5A}.Release|Any CPU.ActiveCfg = Release|Any CPU
		{36A61678-7D5B-4E1D-9D49-F6006F10AA5A}.Release|Any CPU.Build.0 = Release|Any CPU
	EndGlobalSection
	GlobalSection(SolutionProperties) = preSolution
		HideSolutionNode = FALSE
	EndGlobalSection
	GlobalSection(ExtensibilityGlobals) = postSolution
		SolutionGuid = {85836CBA-800D-4F06-8638-C57B12AFA9FC}
	EndGlobalSection
EndGlobal
